// !$*UTF8*$!
{
	archiveVersion = 1;
	classes = {
	};
	objectVersion = 50;
	objects = {

/* Begin PBXBuildFile section */
		570A04EA234D9E1500A39ED0 /* LearnImage.swift in Sources */ = {isa = PBXBuildFile; fileRef = 570A04E9234D9E1500A39ED0 /* LearnImage.swift */; };
		570A04F3234DA88F00A39ED0 /* logoicon@3x.png in Resources */ = {isa = PBXBuildFile; fileRef = 570A04F1234DA88E00A39ED0 /* logoicon@3x.png */; };
		570A04F4234DA88F00A39ED0 /* logoicon@2x.png in Resources */ = {isa = PBXBuildFile; fileRef = 570A04F2234DA88F00A39ED0 /* logoicon@2x.png */; };
		573AF4A7233F33CC008767CB /* LearnText.swift in Sources */ = {isa = PBXBuildFile; fileRef = 573AF4A6233F33CC008767CB /* LearnText.swift */; };
		579D65972339C0E500D5BF2B /* AppDelegate.swift in Sources */ = {isa = PBXBuildFile; fileRef = 579D65962339C0E500D5BF2B /* AppDelegate.swift */; };
		579D65992339C0E500D5BF2B /* SceneDelegate.swift in Sources */ = {isa = PBXBuildFile; fileRef = 579D65982339C0E500D5BF2B /* SceneDelegate.swift */; };
		579D659B2339C0E500D5BF2B /* Home.swift in Sources */ = {isa = PBXBuildFile; fileRef = 579D659A2339C0E500D5BF2B /* Home.swift */; };
		579D659D2339C0E600D5BF2B /* Assets.xcassets in Resources */ = {isa = PBXBuildFile; fileRef = 579D659C2339C0E600D5BF2B /* Assets.xcassets */; };
		579D65A02339C0E600D5BF2B /* Preview Assets.xcassets in Resources */ = {isa = PBXBuildFile; fileRef = 579D659F2339C0E600D5BF2B /* Preview Assets.xcassets */; };
		579D65A32339C0E600D5BF2B /* LaunchScreen.storyboard in Resources */ = {isa = PBXBuildFile; fileRef = 579D65A12339C0E600D5BF2B /* LaunchScreen.storyboard */; };
		579D65AE2339C0E600D5BF2B /* swiftuidemoTests.swift in Sources */ = {isa = PBXBuildFile; fileRef = 579D65AD2339C0E600D5BF2B /* swiftuidemoTests.swift */; };
		579D65B92339C0E600D5BF2B /* swiftuidemoUITests.swift in Sources */ = {isa = PBXBuildFile; fileRef = 579D65B82339C0E600D5BF2B /* swiftuidemoUITests.swift */; };
		57FFF85623502CC900F66143 /* HomeItems.swift in Sources */ = {isa = PBXBuildFile; fileRef = 57FFF85523502CC900F66143 /* HomeItems.swift */; };
		57FFF8582351734200F66143 /* LearnImageSectionHeader.swift in Sources */ = {isa = PBXBuildFile; fileRef = 57FFF8572351734200F66143 /* LearnImageSectionHeader.swift */; };
		57FFF85A23517A4100F66143 /* LearntTextField.swift in Sources */ = {isa = PBXBuildFile; fileRef = 57FFF85923517A4100F66143 /* LearntTextField.swift */; };
		57FFF85D2351825000F66143 /* KeyUtils.swift in Sources */ = {isa = PBXBuildFile; fileRef = 57FFF85C2351825000F66143 /* KeyUtils.swift */; };
		57FFF85F2351A18800F66143 /* LearntSecureField.swift in Sources */ = {isa = PBXBuildFile; fileRef = 57FFF85E2351A18800F66143 /* LearntSecureField.swift */; };
		57FFF8612351A51E00F66143 /* LearnButton.swift in Sources */ = {isa = PBXBuildFile; fileRef = 57FFF8602351A51E00F66143 /* LearnButton.swift */; };
		57FFF8632351A79C00F66143 /* LearnNavigationLink.swift in Sources */ = {isa = PBXBuildFile; fileRef = 57FFF8622351A79C00F66143 /* LearnNavigationLink.swift */; };
		57FFF8652351A89400F66143 /* LearnNavigationLinkNewPage.swift in Sources */ = {isa = PBXBuildFile; fileRef = 57FFF8642351A89400F66143 /* LearnNavigationLinkNewPage.swift */; };
		57FFF8672351AD0B00F66143 /* LearneEditButton.swift in Sources */ = {isa = PBXBuildFile; fileRef = 57FFF8662351AD0B00F66143 /* LearneEditButton.swift */; };
		57FFF8692351B32C00F66143 /* LearnPicker.swift in Sources */ = {isa = PBXBuildFile; fileRef = 57FFF8682351B32C00F66143 /* LearnPicker.swift */; };
		57FFF86B2351BB4700F66143 /* LearnDatePicker.swift in Sources */ = {isa = PBXBuildFile; fileRef = 57FFF86A2351BB4700F66143 /* LearnDatePicker.swift */; };
		57FFF86D2351BCC700F66143 /* LearnToggle.swift in Sources */ = {isa = PBXBuildFile; fileRef = 57FFF86C2351BCC700F66143 /* LearnToggle.swift */; };
/* End PBXBuildFile section */

/* Begin PBXContainerItemProxy section */
		579D65AA2339C0E600D5BF2B /* PBXContainerItemProxy */ = {
			isa = PBXContainerItemProxy;
			containerPortal = 579D658B2339C0E500D5BF2B /* Project object */;
			proxyType = 1;
			remoteGlobalIDString = 579D65922339C0E500D5BF2B;
			remoteInfo = swiftuidemo;
		};
		579D65B52339C0E600D5BF2B /* PBXContainerItemProxy */ = {
			isa = PBXContainerItemProxy;
			containerPortal = 579D658B2339C0E500D5BF2B /* Project object */;
			proxyType = 1;
			remoteGlobalIDString = 579D65922339C0E500D5BF2B;
			remoteInfo = swiftuidemo;
		};
/* End PBXContainerItemProxy section */

/* Begin PBXFileReference section */
		570A04E9234D9E1500A39ED0 /* LearnImage.swift */ = {isa = PBXFileReference; lastKnownFileType = sourcecode.swift; path = LearnImage.swift; sourceTree = "<group>"; };
		570A04F1234DA88E00A39ED0 /* logoicon@3x.png */ = {isa = PBXFileReference; lastKnownFileType = image.png; path = "logoicon@3x.png"; sourceTree = "<group>"; };
		570A04F2234DA88F00A39ED0 /* logoicon@2x.png */ = {isa = PBXFileReference; lastKnownFileType = image.png; path = "logoicon@2x.png"; sourceTree = "<group>"; };
		573AF4A6233F33CC008767CB /* LearnText.swift */ = {isa = PBXFileReference; lastKnownFileType = sourcecode.swift; path = LearnText.swift; sourceTree = "<group>"; };
		579D65932339C0E500D5BF2B /* swiftuidemo.app */ = {isa = PBXFileReference; explicitFileType = wrapper.application; includeInIndex = 0; path = swiftuidemo.app; sourceTree = BUILT_PRODUCTS_DIR; };
		579D65962339C0E500D5BF2B /* AppDelegate.swift */ = {isa = PBXFileReference; lastKnownFileType = sourcecode.swift; path = AppDelegate.swift; sourceTree = "<group>"; };
		579D65982339C0E500D5BF2B /* SceneDelegate.swift */ = {isa = PBXFileReference; lastKnownFileType = sourcecode.swift; path = SceneDelegate.swift; sourceTree = "<group>"; };
		579D659A2339C0E500D5BF2B /* Home.swift */ = {isa = PBXFileReference; lastKnownFileType = sourcecode.swift; path = Home.swift; sourceTree = "<group>"; };
		579D659C2339C0E600D5BF2B /* Assets.xcassets */ = {isa = PBXFileReference; lastKnownFileType = folder.assetcatalog; path = Assets.xcassets; sourceTree = "<group>"; };
		579D659F2339C0E600D5BF2B /* Preview Assets.xcassets */ = {isa = PBXFileReference; lastKnownFileType = folder.assetcatalog; path = "Preview Assets.xcassets"; sourceTree = "<group>"; };
		579D65A22339C0E600D5BF2B /* Base */ = {isa = PBXFileReference; lastKnownFileType = file.storyboard; name = Base; path = Base.lproj/LaunchScreen.storyboard; sourceTree = "<group>"; };
		579D65A42339C0E600D5BF2B /* Info.plist */ = {isa = PBXFileReference; lastKnownFileType = text.plist.xml; path = Info.plist; sourceTree = "<group>"; };
		579D65A92339C0E600D5BF2B /* swiftuidemoTests.xctest */ = {isa = PBXFileReference; explicitFileType = wrapper.cfbundle; includeInIndex = 0; path = swiftuidemoTests.xctest; sourceTree = BUILT_PRODUCTS_DIR; };
		579D65AD2339C0E600D5BF2B /* swiftuidemoTests.swift */ = {isa = PBXFileReference; lastKnownFileType = sourcecode.swift; path = swiftuidemoTests.swift; sourceTree = "<group>"; };
		579D65AF2339C0E600D5BF2B /* Info.plist */ = {isa = PBXFileReference; lastKnownFileType = text.plist.xml; path = Info.plist; sourceTree = "<group>"; };
		579D65B42339C0E600D5BF2B /* swiftuidemoUITests.xctest */ = {isa = PBXFileReference; explicitFileType = wrapper.cfbundle; includeInIndex = 0; path = swiftuidemoUITests.xctest; sourceTree = BUILT_PRODUCTS_DIR; };
		579D65B82339C0E600D5BF2B /* swiftuidemoUITests.swift */ = {isa = PBXFileReference; lastKnownFileType = sourcecode.swift; path = swiftuidemoUITests.swift; sourceTree = "<group>"; };
		579D65BA2339C0E600D5BF2B /* Info.plist */ = {isa = PBXFileReference; lastKnownFileType = text.plist.xml; path = Info.plist; sourceTree = "<group>"; };
		57FFF85523502CC900F66143 /* HomeItems.swift */ = {isa = PBXFileReference; lastKnownFileType = sourcecode.swift; path = HomeItems.swift; sourceTree = "<group>"; };
		57FFF8572351734200F66143 /* LearnImageSectionHeader.swift */ = {isa = PBXFileReference; lastKnownFileType = sourcecode.swift; path = LearnImageSectionHeader.swift; sourceTree = "<group>"; };
		57FFF85923517A4100F66143 /* LearntTextField.swift */ = {isa = PBXFileReference; lastKnownFileType = sourcecode.swift; path = LearntTextField.swift; sourceTree = "<group>"; };
		57FFF85C2351825000F66143 /* KeyUtils.swift */ = {isa = PBXFileReference; lastKnownFileType = sourcecode.swift; path = KeyUtils.swift; sourceTree = "<group>"; };
		57FFF85E2351A18800F66143 /* LearntSecureField.swift */ = {isa = PBXFileReference; lastKnownFileType = sourcecode.swift; path = LearntSecureField.swift; sourceTree = "<group>"; };
		57FFF8602351A51E00F66143 /* LearnButton.swift */ = {isa = PBXFileReference; lastKnownFileType = sourcecode.swift; path = LearnButton.swift; sourceTree = "<group>"; };
		57FFF8622351A79C00F66143 /* LearnNavigationLink.swift */ = {isa = PBXFileReference; lastKnownFileType = sourcecode.swift; path = LearnNavigationLink.swift; sourceTree = "<group>"; };
		57FFF8642351A89400F66143 /* LearnNavigationLinkNewPage.swift */ = {isa = PBXFileReference; lastKnownFileType = sourcecode.swift; path = LearnNavigationLinkNewPage.swift; sourceTree = "<group>"; };
		57FFF8662351AD0B00F66143 /* LearneEditButton.swift */ = {isa = PBXFileReference; lastKnownFileType = sourcecode.swift; path = LearneEditButton.swift; sourceTree = "<group>"; };
		57FFF8682351B32C00F66143 /* LearnPicker.swift */ = {isa = PBXFileReference; lastKnownFileType = sourcecode.swift; path = LearnPicker.swift; sourceTree = "<group>"; };
		57FFF86A2351BB4700F66143 /* LearnDatePicker.swift */ = {isa = PBXFileReference; lastKnownFileType = sourcecode.swift; path = LearnDatePicker.swift; sourceTree = "<group>"; };
		57FFF86C2351BCC700F66143 /* LearnToggle.swift */ = {isa = PBXFileReference; lastKnownFileType = sourcecode.swift; path = LearnToggle.swift; sourceTree = "<group>"; };
/* End PBXFileReference section */

/* Begin PBXFrameworksBuildPhase section */
		579D65902339C0E500D5BF2B /* Frameworks */ = {
			isa = PBXFrameworksBuildPhase;
			buildActionMask = 2147483647;
			files = (
			);
			runOnlyForDeploymentPostprocessing = 0;
		};
		579D65A62339C0E600D5BF2B /* Frameworks */ = {
			isa = PBXFrameworksBuildPhase;
			buildActionMask = 2147483647;
			files = (
			);
			runOnlyForDeploymentPostprocessing = 0;
		};
		579D65B12339C0E600D5BF2B /* Frameworks */ = {
			isa = PBXFrameworksBuildPhase;
			buildActionMask = 2147483647;
			files = (
			);
			runOnlyForDeploymentPostprocessing = 0;
		};
/* End PBXFrameworksBuildPhase section */

/* Begin PBXGroup section */
		570A04EE234DA10600A39ED0 /* img */ = {
			isa = PBXGroup;
			children = (
				570A04F2234DA88F00A39ED0 /* logoicon@2x.png */,
				570A04F1234DA88E00A39ED0 /* logoicon@3x.png */,
			);
			path = img;
			sourceTree = "<group>";
		};
		573AF4A5233F3386008767CB /* page */ = {
			isa = PBXGroup;
			children = (
				570A04E9234D9E1500A39ED0 /* LearnImage.swift */,
				57FFF8572351734200F66143 /* LearnImageSectionHeader.swift */,
				573AF4A6233F33CC008767CB /* LearnText.swift */,
				57FFF85923517A4100F66143 /* LearntTextField.swift */,
				57FFF85E2351A18800F66143 /* LearntSecureField.swift */,
				57FFF8602351A51E00F66143 /* LearnButton.swift */,
				57FFF8622351A79C00F66143 /* LearnNavigationLink.swift */,
				57FFF8642351A89400F66143 /* LearnNavigationLinkNewPage.swift */,
				57FFF8662351AD0B00F66143 /* LearneEditButton.swift */,
				57FFF8682351B32C00F66143 /* LearnPicker.swift */,
				57FFF86A2351BB4700F66143 /* LearnDatePicker.swift */,
				57FFF86C2351BCC700F66143 /* LearnToggle.swift */,
			);
			path = page;
			sourceTree = "<group>";
		};
		579D658A2339C0E500D5BF2B = {
			isa = PBXGroup;
			children = (
				579D65952339C0E500D5BF2B /* swiftuidemo */,
				579D65AC2339C0E600D5BF2B /* swiftuidemoTests */,
				579D65B72339C0E600D5BF2B /* swiftuidemoUITests */,
				579D65942339C0E500D5BF2B /* Products */,
			);
			sourceTree = "<group>";
		};
		579D65942339C0E500D5BF2B /* Products */ = {
			isa = PBXGroup;
			children = (
				579D65932339C0E500D5BF2B /* swiftuidemo.app */,
				579D65A92339C0E600D5BF2B /* swiftuidemoTests.xctest */,
				579D65B42339C0E600D5BF2B /* swiftuidemoUITests.xctest */,
			);
			name = Products;
			sourceTree = "<group>";
		};
		579D65952339C0E500D5BF2B /* swiftuidemo */ = {
			isa = PBXGroup;
			children = (
				57FFF85B2351821800F66143 /* utils */,
				570A04EE234DA10600A39ED0 /* img */,
				573AF4A5233F3386008767CB /* page */,
				579D65962339C0E500D5BF2B /* AppDelegate.swift */,
				579D65982339C0E500D5BF2B /* SceneDelegate.swift */,
				579D659A2339C0E500D5BF2B /* Home.swift */,
				57FFF85523502CC900F66143 /* HomeItems.swift */,
				579D659C2339C0E600D5BF2B /* Assets.xcassets */,
				579D65A12339C0E600D5BF2B /* LaunchScreen.storyboard */,
				579D65A42339C0E600D5BF2B /* Info.plist */,
				579D659E2339C0E600D5BF2B /* Preview Content */,
			);
			path = swiftuidemo;
			sourceTree = "<group>";
		};
		579D659E2339C0E600D5BF2B /* Preview Content */ = {
			isa = PBXGroup;
			children = (
				579D659F2339C0E600D5BF2B /* Preview Assets.xcassets */,
			);
			path = "Preview Content";
			sourceTree = "<group>";
		};
		579D65AC2339C0E600D5BF2B /* swiftuidemoTests */ = {
			isa = PBXGroup;
			children = (
				579D65AD2339C0E600D5BF2B /* swiftuidemoTests.swift */,
				579D65AF2339C0E600D5BF2B /* Info.plist */,
			);
			path = swiftuidemoTests;
			sourceTree = "<group>";
		};
		579D65B72339C0E600D5BF2B /* swiftuidemoUITests */ = {
			isa = PBXGroup;
			children = (
				579D65B82339C0E600D5BF2B /* swiftuidemoUITests.swift */,
				579D65BA2339C0E600D5BF2B /* Info.plist */,
			);
			path = swiftuidemoUITests;
			sourceTree = "<group>";
		};
		57FFF85B2351821800F66143 /* utils */ = {
			isa = PBXGroup;
			children = (
				57FFF85C2351825000F66143 /* KeyUtils.swift */,
			);
			path = utils;
			sourceTree = "<group>";
		};
/* End PBXGroup section */

/* Begin PBXNativeTarget section */
		579D65922339C0E500D5BF2B /* swiftuidemo */ = {
			isa = PBXNativeTarget;
			buildConfigurationList = 579D65BD2339C0E600D5BF2B /* Build configuration list for PBXNativeTarget "swiftuidemo" */;
			buildPhases = (
				579D658F2339C0E500D5BF2B /* Sources */,
				579D65902339C0E500D5BF2B /* Frameworks */,
				579D65912339C0E500D5BF2B /* Resources */,
			);
			buildRules = (
			);
			dependencies = (
			);
			name = swiftuidemo;
			productName = swiftuidemo;
			productReference = 579D65932339C0E500D5BF2B /* swiftuidemo.app */;
			productType = "com.apple.product-type.application";
		};
		579D65A82339C0E600D5BF2B /* swiftuidemoTests */ = {
			isa = PBXNativeTarget;
			buildConfigurationList = 579D65C02339C0E600D5BF2B /* Build configuration list for PBXNativeTarget "swiftuidemoTests" */;
			buildPhases = (
				579D65A52339C0E600D5BF2B /* Sources */,
				579D65A62339C0E600D5BF2B /* Frameworks */,
				579D65A72339C0E600D5BF2B /* Resources */,
			);
			buildRules = (
			);
			dependencies = (
				579D65AB2339C0E600D5BF2B /* PBXTargetDependency */,
			);
			name = swiftuidemoTests;
			productName = swiftuidemoTests;
			productReference = 579D65A92339C0E600D5BF2B /* swiftuidemoTests.xctest */;
			productType = "com.apple.product-type.bundle.unit-test";
		};
		579D65B32339C0E600D5BF2B /* swiftuidemoUITests */ = {
			isa = PBXNativeTarget;
			buildConfigurationList = 579D65C32339C0E600D5BF2B /* Build configuration list for PBXNativeTarget "swiftuidemoUITests" */;
			buildPhases = (
				579D65B02339C0E600D5BF2B /* Sources */,
				579D65B12339C0E600D5BF2B /* Frameworks */,
				579D65B22339C0E600D5BF2B /* Resources */,
			);
			buildRules = (
			);
			dependencies = (
				579D65B62339C0E600D5BF2B /* PBXTargetDependency */,
			);
			name = swiftuidemoUITests;
			productName = swiftuidemoUITests;
			productReference = 579D65B42339C0E600D5BF2B /* swiftuidemoUITests.xctest */;
			productType = "com.apple.product-type.bundle.ui-testing";
		};
/* End PBXNativeTarget section */

/* Begin PBXProject section */
		579D658B2339C0E500D5BF2B /* Project object */ = {
			isa = PBXProject;
			attributes = {
				LastSwiftUpdateCheck = 1100;
				LastUpgradeCheck = 1100;
				ORGANIZATIONNAME = xc;
				TargetAttributes = {
					579D65922339C0E500D5BF2B = {
						CreatedOnToolsVersion = 11.0;
					};
					579D65A82339C0E600D5BF2B = {
						CreatedOnToolsVersion = 11.0;
						TestTargetID = 579D65922339C0E500D5BF2B;
					};
					579D65B32339C0E600D5BF2B = {
						CreatedOnToolsVersion = 11.0;
						TestTargetID = 579D65922339C0E500D5BF2B;
					};
				};
			};
			buildConfigurationList = 579D658E2339C0E500D5BF2B /* Build configuration list for PBXProject "swiftuidemo" */;
			compatibilityVersion = "Xcode 9.3";
			developmentRegion = en;
			hasScannedForEncodings = 0;
			knownRegions = (
				en,
				Base,
			);
			mainGroup = 579D658A2339C0E500D5BF2B;
			productRefGroup = 579D65942339C0E500D5BF2B /* Products */;
			projectDirPath = "";
			projectRoot = "";
			targets = (
				579D65922339C0E500D5BF2B /* swiftuidemo */,
				579D65A82339C0E600D5BF2B /* swiftuidemoTests */,
				579D65B32339C0E600D5BF2B /* swiftuidemoUITests */,
			);
		};
/* End PBXProject section */

/* Begin PBXResourcesBuildPhase section */
		579D65912339C0E500D5BF2B /* Resources */ = {
			isa = PBXResourcesBuildPhase;
			buildActionMask = 2147483647;
			files = (
				579D65A32339C0E600D5BF2B /* LaunchScreen.storyboard in Resources */,
				579D65A02339C0E600D5BF2B /* Preview Assets.xcassets in Resources */,
				579D659D2339C0E600D5BF2B /* Assets.xcassets in Resources */,
				570A04F4234DA88F00A39ED0 /* logoicon@2x.png in Resources */,
				570A04F3234DA88F00A39ED0 /* logoicon@3x.png in Resources */,
			);
			runOnlyForDeploymentPostprocessing = 0;
		};
		579D65A72339C0E600D5BF2B /* Resources */ = {
			isa = PBXResourcesBuildPhase;
			buildActionMask = 2147483647;
			files = (
			);
			runOnlyForDeploymentPostprocessing = 0;
		};
		579D65B22339C0E600D5BF2B /* Resources */ = {
			isa = PBXResourcesBuildPhase;
			buildActionMask = 2147483647;
			files = (
			);
			runOnlyForDeploymentPostprocessing = 0;
		};
/* End PBXResourcesBuildPhase section */

/* Begin PBXSourcesBuildPhase section */
		579D658F2339C0E500D5BF2B /* Sources */ = {
			isa = PBXSourcesBuildPhase;
			buildActionMask = 2147483647;
			files = (
				579D65972339C0E500D5BF2B /* AppDelegate.swift in Sources */,
				57FFF85D2351825000F66143 /* KeyUtils.swift in Sources */,
				579D65992339C0E500D5BF2B /* SceneDelegate.swift in Sources */,
				57FFF8692351B32C00F66143 /* LearnPicker.swift in Sources */,
				57FFF8632351A79C00F66143 /* LearnNavigationLink.swift in Sources */,
				57FFF8672351AD0B00F66143 /* LearneEditButton.swift in Sources */,
				573AF4A7233F33CC008767CB /* LearnText.swift in Sources */,
				57FFF8582351734200F66143 /* LearnImageSectionHeader.swift in Sources */,
				57FFF86D2351BCC700F66143 /* LearnToggle.swift in Sources */,
				57FFF8612351A51E00F66143 /* LearnButton.swift in Sources */,
				57FFF8652351A89400F66143 /* LearnNavigationLinkNewPage.swift in Sources */,
				579D659B2339C0E500D5BF2B /* Home.swift in Sources */,
				57FFF85F2351A18800F66143 /* LearntSecureField.swift in Sources */,
				57FFF85A23517A4100F66143 /* LearntTextField.swift in Sources */,
				570A04EA234D9E1500A39ED0 /* LearnImage.swift in Sources */,
				57FFF86B2351BB4700F66143 /* LearnDatePicker.swift in Sources */,
				57FFF85623502CC900F66143 /* HomeItems.swift in Sources */,
			);
			runOnlyForDeploymentPostprocessing = 0;
		};
		579D65A52339C0E600D5BF2B /* Sources */ = {
			isa = PBXSourcesBuildPhase;
			buildActionMask = 2147483647;
			files = (
				579D65AE2339C0E600D5BF2B /* swiftuidemoTests.swift in Sources */,
			);
			runOnlyForDeploymentPostprocessing = 0;
		};
		579D65B02339C0E600D5BF2B /* Sources */ = {
			isa = PBXSourcesBuildPhase;
			buildActionMask = 2147483647;
			files = (
				579D65B92339C0E600D5BF2B /* swiftuidemoUITests.swift in Sources */,
			);
			runOnlyForDeploymentPostprocessing = 0;
		};
/* End PBXSourcesBuildPhase section */

/* Begin PBXTargetDependency section */
		579D65AB2339C0E600D5BF2B /* PBXTargetDependency */ = {
			isa = PBXTargetDependency;
			target = 579D65922339C0E500D5BF2B /* swiftuidemo */;
			targetProxy = 579D65AA2339C0E600D5BF2B /* PBXContainerItemProxy */;
		};
		579D65B62339C0E600D5BF2B /* PBXTargetDependency */ = {
			isa = PBXTargetDependency;
			target = 579D65922339C0E500D5BF2B /* swiftuidemo */;
			targetProxy = 579D65B52339C0E600D5BF2B /* PBXContainerItemProxy */;
		};
/* End PBXTargetDependency section */

/* Begin PBXVariantGroup section */
		579D65A12339C0E600D5BF2B /* LaunchScreen.storyboard */ = {
			isa = PBXVariantGroup;
			children = (
				579D65A22339C0E600D5BF2B /* Base */,
			);
			name = LaunchScreen.storyboard;
			sourceTree = "<group>";
		};
/* End PBXVariantGroup section */

/* Begin XCBuildConfiguration section */
		579D65BB2339C0E600D5BF2B /* Debug */ = {
			isa = XCBuildConfiguration;
			buildSettings = {
				ALWAYS_SEARCH_USER_PATHS = NO;
				CLANG_ANALYZER_NONNULL = YES;
				CLANG_ANALYZER_NUMBER_OBJECT_CONVERSION = YES_AGGRESSIVE;
				CLANG_CXX_LANGUAGE_STANDARD = "gnu++14";
				CLANG_CXX_LIBRARY = "libc++";
				CLANG_ENABLE_MODULES = YES;
				CLANG_ENABLE_OBJC_ARC = YES;
				CLANG_ENABLE_OBJC_WEAK = YES;
				CLANG_WARN_BLOCK_CAPTURE_AUTORELEASING = YES;
				CLANG_WARN_BOOL_CONVERSION = YES;
				CLANG_WARN_COMMA = YES;
				CLANG_WARN_CONSTANT_CONVERSION = YES;
				CLANG_WARN_DEPRECATED_OBJC_IMPLEMENTATIONS = YES;
				CLANG_WARN_DIRECT_OBJC_ISA_USAGE = YES_ERROR;
				CLANG_WARN_DOCUMENTATION_COMMENTS = YES;
				CLANG_WARN_EMPTY_BODY = YES;
				CLANG_WARN_ENUM_CONVERSION = YES;
				CLANG_WARN_INFINITE_RECURSION = YES;
				CLANG_WARN_INT_CONVERSION = YES;
				CLANG_WARN_NON_LITERAL_NULL_CONVERSION = YES;
				CLANG_WARN_OBJC_IMPLICIT_RETAIN_SELF = YES;
				CLANG_WARN_OBJC_LITERAL_CONVERSION = YES;
				CLANG_WARN_OBJC_ROOT_CLASS = YES_ERROR;
				CLANG_WARN_RANGE_LOOP_ANALYSIS = YES;
				CLANG_WARN_STRICT_PROTOTYPES = YES;
				CLANG_WARN_SUSPICIOUS_MOVE = YES;
				CLANG_WARN_UNGUARDED_AVAILABILITY = YES_AGGRESSIVE;
				CLANG_WARN_UNREACHABLE_CODE = YES;
				CLANG_WARN__DUPLICATE_METHOD_MATCH = YES;
				COPY_PHASE_STRIP = NO;
				DEBUG_INFORMATION_FORMAT = dwarf;
				ENABLE_STRICT_OBJC_MSGSEND = YES;
				ENABLE_TESTABILITY = YES;
				GCC_C_LANGUAGE_STANDARD = gnu11;
				GCC_DYNAMIC_NO_PIC = NO;
				GCC_NO_COMMON_BLOCKS = YES;
				GCC_OPTIMIZATION_LEVEL = 0;
				GCC_PREPROCESSOR_DEFINITIONS = (
					"DEBUG=1",
					"$(inherited)",
				);
				GCC_WARN_64_TO_32_BIT_CONVERSION = YES;
				GCC_WARN_ABOUT_RETURN_TYPE = YES_ERROR;
				GCC_WARN_UNDECLARED_SELECTOR = YES;
				GCC_WARN_UNINITIALIZED_AUTOS = YES_AGGRESSIVE;
				GCC_WARN_UNUSED_FUNCTION = YES;
				GCC_WARN_UNUSED_VARIABLE = YES;
				IPHONEOS_DEPLOYMENT_TARGET = 13.0;
				MTL_ENABLE_DEBUG_INFO = INCLUDE_SOURCE;
				MTL_FAST_MATH = YES;
				ONLY_ACTIVE_ARCH = YES;
				SDKROOT = iphoneos;
				SWIFT_ACTIVE_COMPILATION_CONDITIONS = DEBUG;
				SWIFT_OPTIMIZATION_LEVEL = "-Onone";
			};
			name = Debug;
		};
		579D65BC2339C0E600D5BF2B /* Release */ = {
			isa = XCBuildConfiguration;
			buildSettings = {
				ALWAYS_SEARCH_USER_PATHS = NO;
				CLANG_ANALYZER_NONNULL = YES;
				CLANG_ANALYZER_NUMBER_OBJECT_CONVERSION = YES_AGGRESSIVE;
				CLANG_CXX_LANGUAGE_STANDARD = "gnu++14";
				CLANG_CXX_LIBRARY = "libc++";
				CLANG_ENABLE_MODULES = YES;
				CLANG_ENABLE_OBJC_ARC = YES;
				CLANG_ENABLE_OBJC_WEAK = YES;
				CLANG_WARN_BLOCK_CAPTURE_AUTORELEASING = YES;
				CLANG_WARN_BOOL_CONVERSION = YES;
				CLANG_WARN_COMMA = YES;
				CLANG_WARN_CONSTANT_CONVERSION = YES;
				CLANG_WARN_DEPRECATED_OBJC_IMPLEMENTATIONS = YES;
				CLANG_WARN_DIRECT_OBJC_ISA_USAGE = YES_ERROR;
				CLANG_WARN_DOCUMENTATION_COMMENTS = YES;
				CLANG_WARN_EMPTY_BODY = YES;
				CLANG_WARN_ENUM_CONVERSION = YES;
				CLANG_WARN_INFINITE_RECURSION = YES;
				CLANG_WARN_INT_CONVERSION = YES;
				CLANG_WARN_NON_LITERAL_NULL_CONVERSION = YES;
				CLANG_WARN_OBJC_IMPLICIT_RETAIN_SELF = YES;
				CLANG_WARN_OBJC_LITERAL_CONVERSION = YES;
				CLANG_WARN_OBJC_ROOT_CLASS = YES_ERROR;
				CLANG_WARN_RANGE_LOOP_ANALYSIS = YES;
				CLANG_WARN_STRICT_PROTOTYPES = YES;
				CLANG_WARN_SUSPICIOUS_MOVE = YES;
				CLANG_WARN_UNGUARDED_AVAILABILITY = YES_AGGRESSIVE;
				CLANG_WARN_UNREACHABLE_CODE = YES;
				CLANG_WARN__DUPLICATE_METHOD_MATCH = YES;
				COPY_PHASE_STRIP = NO;
				DEBUG_INFORMATION_FORMAT = "dwarf-with-dsym";
				ENABLE_NS_ASSERTIONS = NO;
				ENABLE_STRICT_OBJC_MSGSEND = YES;
				GCC_C_LANGUAGE_STANDARD = gnu11;
				GCC_NO_COMMON_BLOCKS = YES;
				GCC_WARN_64_TO_32_BIT_CONVERSION = YES;
				GCC_WARN_ABOUT_RETURN_TYPE = YES_ERROR;
				GCC_WARN_UNDECLARED_SELECTOR = YES;
				GCC_WARN_UNINITIALIZED_AUTOS = YES_AGGRESSIVE;
				GCC_WARN_UNUSED_FUNCTION = YES;
				GCC_WARN_UNUSED_VARIABLE = YES;
				IPHONEOS_DEPLOYMENT_TARGET = 13.0;
				MTL_ENABLE_DEBUG_INFO = NO;
				MTL_FAST_MATH = YES;
				SDKROOT = iphoneos;
				SWIFT_COMPILATION_MODE = wholemodule;
				SWIFT_OPTIMIZATION_LEVEL = "-O";
				VALIDATE_PRODUCT = YES;
			};
			name = Release;
		};
		579D65BE2339C0E600D5BF2B /* Debug */ = {
			isa = XCBuildConfiguration;
			buildSettings = {
				ASSETCATALOG_COMPILER_APPICON_NAME = AppIcon;
				CODE_SIGN_STYLE = Automatic;
				DEVELOPMENT_ASSET_PATHS = "\"swiftuidemo/Preview Content\"";
				ENABLE_PREVIEWS = YES;
				INFOPLIST_FILE = swiftuidemo/Info.plist;
				LD_RUNPATH_SEARCH_PATHS = (
					"$(inherited)",
					"@executable_path/Frameworks",
				);
				PRODUCT_BUNDLE_IDENTIFIER = test.swiftuidemo;
				PRODUCT_NAME = "$(TARGET_NAME)";
				SWIFT_VERSION = 5.0;
				TARGETED_DEVICE_FAMILY = "1,2";
			};
			name = Debug;
		};
		579D65BF2339C0E600D5BF2B /* Release */ = {
			isa = XCBuildConfiguration;
			buildSettings = {
				ASSETCATALOG_COMPILER_APPICON_NAME = AppIcon;
				CODE_SIGN_STYLE = Automatic;
				DEVELOPMENT_ASSET_PATHS = "\"swiftuidemo/Preview Content\"";
				ENABLE_PREVIEWS = YES;
				INFOPLIST_FILE = swiftuidemo/Info.plist;
				LD_RUNPATH_SEARCH_PATHS = (
					"$(inherited)",
					"@executable_path/Frameworks",
				);
				PRODUCT_BUNDLE_IDENTIFIER = test.swiftuidemo;
				PRODUCT_NAME = "$(TARGET_NAME)";
				SWIFT_VERSION = 5.0;
				TARGETED_DEVICE_FAMILY = "1,2";
			};
			name = Release;
		};
		579D65C12339C0E600D5BF2B /* Debug */ = {
			isa = XCBuildConfiguration;
			buildSettings = {
				ALWAYS_EMBED_SWIFT_STANDARD_LIBRARIES = YES;
				BUNDLE_LOADER = "$(TEST_HOST)";
				CODE_SIGN_STYLE = Automatic;
				INFOPLIST_FILE = swiftuidemoTests/Info.plist;
				IPHONEOS_DEPLOYMENT_TARGET = 13.0;
				LD_RUNPATH_SEARCH_PATHS = (
					"$(inherited)",
					"@executable_path/Frameworks",
					"@loader_path/Frameworks",
				);
				PRODUCT_BUNDLE_IDENTIFIER = test.swiftuidemoTests;
				PRODUCT_NAME = "$(TARGET_NAME)";
				SWIFT_VERSION = 5.0;
				TARGETED_DEVICE_FAMILY = "1,2";
				TEST_HOST = "$(BUILT_PRODUCTS_DIR)/swiftuidemo.app/swiftuidemo";
			};
			name = Debug;
		};
		579D65C22339C0E600D5BF2B /* Release */ = {
			isa = XCBuildConfiguration;
			buildSettings = {
				ALWAYS_EMBED_SWIFT_STANDARD_LIBRARIES = YES;
				BUNDLE_LOADER = "$(TEST_HOST)";
				CODE_SIGN_STYLE = Automatic;
				INFOPLIST_FILE = swiftuidemoTests/Info.plist;
				IPHONEOS_DEPLOYMENT_TARGET = 13.0;
				LD_RUNPATH_SEARCH_PATHS = (
					"$(inherited)",
					"@executable_path/Frameworks",
					"@loader_path/Frameworks",
				);
				PRODUCT_BUNDLE_IDENTIFIER = test.swiftuidemoTests;
				PRODUCT_NAME = "$(TARGET_NAME)";
				SWIFT_VERSION = 5.0;
				TARGETED_DEVICE_FAMILY = "1,2";
				TEST_HOST = "$(BUILT_PRODUCTS_DIR)/swiftuidemo.app/swiftuidemo";
			};
			name = Release;
		};
		579D65C42339C0E600D5BF2B /* Debug */ = {
			isa = XCBuildConfiguration;
			buildSettings = {
				ALWAYS_EMBED_SWIFT_STANDARD_LIBRARIES = YES;
				CODE_SIGN_STYLE = Automatic;
				INFOPLIST_FILE = swiftuidemoUITests/Info.plist;
				LD_RUNPATH_SEARCH_PATHS = (
					"$(inherited)",
					"@executable_path/Frameworks",
					"@loader_path/Frameworks",
				);
				PRODUCT_BUNDLE_IDENTIFIER = test.swiftuidemoUITests;
				PRODUCT_NAME = "$(TARGET_NAME)";
				SWIFT_VERSION = 5.0;
				TARGETED_DEVICE_FAMILY = "1,2";
				TEST_TARGET_NAME = swiftuidemo;
			};
			name = Debug;
		};
		579D65C52339C0E600D5BF2B /* Release */ = {
			isa = XCBuildConfiguration;
			buildSettings = {
				ALWAYS_EMBED_SWIFT_STANDARD_LIBRARIES = YES;
				CODE_SIGN_STYLE = Automatic;
				INFOPLIST_FILE = swiftuidemoUITests/Info.plist;
				LD_RUNPATH_SEARCH_PATHS = (
					"$(inherited)",
					"@executable_path/Frameworks",
					"@loader_path/Frameworks",
				);
				PRODUCT_BUNDLE_IDENTIFIER = test.swiftuidemoUITests;
				PRODUCT_NAME = "$(TARGET_NAME)";
				SWIFT_VERSION = 5.0;
				TARGETED_DEVICE_FAMILY = "1,2";
				TEST_TARGET_NAME = swiftuidemo;
			};
			name = Release;
		};
/* End XCBuildConfiguration section */

/* Begin XCConfigurationList section */
		579D658E2339C0E500D5BF2B /* Build configuration list for PBXProject "swiftuidemo" */ = {
			isa = XCConfigurationList;
			buildConfigurations = (
				579D65BB2339C0E600D5BF2B /* Debug */,
				579D65BC2339C0E600D5BF2B /* Release */,
			);
			defaultConfigurationIsVisible = 0;
			defaultConfigurationName = Release;
		};
		579D65BD2339C0E600D5BF2B /* Build configuration list for PBXNativeTarget "swiftuidemo" */ = {
			isa = XCConfigurationList;
			buildConfigurations = (
				579D65BE2339C0E600D5BF2B /* Debug */,
				579D65BF2339C0E600D5BF2B /* Release */,
			);
			defaultConfigurationIsVisible = 0;
			defaultConfigurationName = Release;
		};
		579D65C02339C0E600D5BF2B /* Build configuration list for PBXNativeTarget "swiftuidemoTests" */ = {
			isa = XCConfigurationList;
			buildConfigurations = (
				579D65C12339C0E600D5BF2B /* Debug */,
				579D65C22339C0E600D5BF2B /* Release */,
			);
			defaultConfigurationIsVisible = 0;
			defaultConfigurationName = Release;
		};
		579D65C32339C0E600D5BF2B /* Build configuration list for PBXNativeTarget "swiftuidemoUITests" */ = {
			isa = XCConfigurationList;
			buildConfigurations = (
				579D65C42339C0E600D5BF2B /* Debug */,
				579D65C52339C0E600D5BF2B /* Release */,
			);
			defaultConfigurationIsVisible = 0;
			defaultConfigurationName = Release;
		};
/* End XCConfigurationList section */
	};
	rootObject = 579D658B2339C0E500D5BF2B /* Project object */;
}
